# Generated by upgrade-audit: the versions pip resolves for this project.
# Regenerate rather than editing by hand.
#
# This pins versions, not artifact hashes. The point is to have a record
# of what you depend on, so that a change to it shows up as a diff and can
# be reviewed. Without one, a range picks up a new release and nothing in
# the repository changes at all.
#
# Resolution depends on the platform it ran on, so generate this where you
# deploy. Resolved on linux, python 3.12.

blinker==1.9.0
click==8.4.2
flask==3.1.3
itsdangerous==2.2.0
jinja2==3.1.6
markupsafe==3.0.3
numpy==2.5.1
pillow==12.3.0
scipy==1.18.0
werkzeug==3.1.8
